<?xml version="1.0" encoding="utf-8"?>
<Project ToolsVersion="4.0" xmlns="http://schemas.microsoft.com/developer/msbuild/2003">
  <ItemGroup>
    <Filter Include="ソース ファイル">
      <UniqueIdentifier>{4FC737F1-C7A5-4376-A066-2A32D752A2FF}</UniqueIdentifier>
      <Extensions>cpp;c;cc;cxx;def;odl;idl;hpj;bat;asm;asmx</Extensions>
    </Filter>
    <Filter Include="ヘッダー ファイル">
      <UniqueIdentifier>{93995380-89BD-4b04-88EB-625FBE52EBFB}</UniqueIdentifier>
      <Extensions>h;hpp;hxx;hm;inl;inc;xsd</Extensions>
    </Filter>
    <Filter Include="リソース ファイル">
      <UniqueIdentifier>{67DA6AB6-F800-4c08-8B7A-83BB121AAD01}</UniqueIdentifier>
      <Extensions>rc;ico;cur;bmp;dlg;rc2;rct;bin;rgs;gif;jpg;jpeg;jpe;resx;tiff;tif;png;wav;mfcribbon-ms</Extensions>
    </Filter>
  </ItemGroup>
  <ItemGroup>
    <ClCompile Include="FFT関数.cpp">
      <Filter>ソース ファイル</Filter>
    </ClCompile>
    <ClCompile Include="おまじない関数.cpp">
      <Filter>ソース ファイル</Filter>
    </ClCompile>
    <ClCompile Include="コマンドライン引数を変数に代入する関数.cpp">
      <Filter>ソース ファイル</Filter>
    </ClCompile>
    <ClCompile Include="その他関数.cpp">
      <Filter>ソース ファイル</Filter>
    </ClCompile>
    <ClCompile Include="バイナリ-電圧値変換関数.cpp">
      <Filter>ソース ファイル</Filter>
    </ClCompile>
    <ClCompile Include="ファイル操作関数.cpp">
      <Filter>ソース ファイル</Filter>
    </ClCompile>
    <ClCompile Include="ファイル入出力関数.cpp">
      <Filter>ソース ファイル</Filter>
    </ClCompile>
    <ClCompile Include="メイン.CPP">
      <Filter>ソース ファイル</Filter>
    </ClCompile>
    <ClCompile Include="メモリ操作関数.cpp">
      <Filter>ソース ファイル</Filter>
    </ClCompile>
    <ClCompile Include="各値計算関数.cpp">
      <Filter>ソース ファイル</Filter>
    </ClCompile>
    <ClCompile Include="行数計算関数.cpp">
      <Filter>ソース ファイル</Filter>
    </ClCompile>
    <ClCompile Include="数値確認関数.cpp">
      <Filter>ソース ファイル</Filter>
    </ClCompile>
    <ClCompile Include="単位換算関数.cpp">
      <Filter>ソース ファイル</Filter>
    </ClCompile>
  </ItemGroup>
  <ItemGroup>
    <ClInclude Include="自作関数定義.h">
      <Filter>ヘッダー ファイル</Filter>
    </ClInclude>
    <ClInclude Include="定数・構造体定義.h">
      <Filter>ヘッダー ファイル</Filter>
    </ClInclude>
    <ClInclude Include="判定.h">
      <Filter>ヘッダー ファイル</Filter>
    </ClInclude>
  </ItemGroup>
</Project>